
Microsoft Visual Studio Solution File, Format Version 12.00
# Visual Studio Version 17
VisualStudioVersion = 17.9.34728.123
MinimumVisualStudioVersion = 10.0.40219.1
Project("{9A19103F-16F7-4668-BE54-9A1E7A4F7556}") = "EZYSoft", "EZYSoft\EZYSoft.csproj", "{4457D66E-C1CD-4637-8E19-492EDDCFFEBD}"
EndProject
Global
	GlobalSection(SolutionConfigurationPlatforms) = preSolution
		Debug|Any CPU = Debug|Any CPU
		Release|Any CPU = Release|Any CPU
	EndGlobalSection
	GlobalSection(ProjectConfigurationPlatforms) = postSolution
		{4457D66E-C1CD-4637-8E19-492EDDCFFEBD}.Debug|Any CPU.ActiveCfg = Debug|Any CPU
		{4457D66E-C1CD-4637-8E19-492EDDCFFEBD}.Debug|Any CPU.Build.0 = Debug|Any CPU
		{4457D66E-C1CD-4637-8E19-492EDDCFFEBD}.Release|Any CPU.ActiveCfg = Release|Any CPU
		{4457D66E-C1CD-4637-8E19-492EDDCFFEBD}.Release|Any CPU.Build.0 = Release|Any CPU
	EndGlobalSection
	GlobalSection(SolutionProperties) = preSolution
		HideSolutionNode = FALSE
	EndGlobalSection
	GlobalSection(ExtensibilityGlobals) = postSolution
		SolutionGuid = {108C0281-7659-4882-BCBE-A81F00B8CA93}
	EndGlobalSection
EndGlobal
